
Microsoft Visual Studio Solution File, Format Version 12.00
# Visual Studio Version 16
VisualStudioVersion = 16.0.29806.167
MinimumVisualStudioVersion = 10.0.40219.1
Project("{FAE04EC0-301F-11D3-BF4B-00C04F79EFBC}") = "AdventOfCode", "AdventOfCode\AdventOfCode.csproj", "{67736C3F-B492-46BF-B4CF-7DEDF0D68D1F}"
EndProject
Global
	GlobalSection(SolutionConfigurationPlatforms) = preSolution
		Debug|Any CPU = Debug|Any CPU
		Release|Any CPU = Release|Any CPU
	EndGlobalSection
	GlobalSection(ProjectConfigurationPlatforms) = postSolution
		{67736C3F-B492-46BF-B4CF-7DEDF0D68D1F}.Debug|Any CPU.ActiveCfg = Debug|Any CPU
		{67736C3F-B492-46BF-B4CF-7DEDF0D68D1F}.Debug|Any CPU.Build.0 = Debug|Any CPU
		{67736C3F-B492-46BF-B4CF-7DEDF0D68D1F}.Release|Any CPU.ActiveCfg = Release|Any CPU
		{67736C3F-B492-46BF-B4CF-7DEDF0D68D1F}.Release|Any CPU.Build.0 = Release|Any CPU
	EndGlobalSection
	GlobalSection(SolutionProperties) = preSolution
		HideSolutionNode = FALSE
	EndGlobalSection
	GlobalSection(ExtensibilityGlobals) = postSolution
		SolutionGuid = {D098CE34-E24E-44FA-AD14-0004126FAA8D}
	EndGlobalSection
EndGlobal
